
Microsoft Visual Studio Solution File, Format Version 12.00
Project("{FAE04EC0-301F-11D3-BF4B-00C04F79EFBC}") = "OrdersServiceDAL", "OrdersServiceDAL\OrdersServiceDAL.csproj", "{DA191C65-2A23-4734-97C9-29E27C93BF7B}"
EndProject
Project("{FAE04EC0-301F-11D3-BF4B-00C04F79EFBC}") = "OrdersServiceMVC", "OrdersServiceMVC\OrdersServiceMVC.csproj", "{C4EBA7CC-B4AA-46E2-89A7-59BAC485FE00}"
EndProject
Global
	GlobalSection(SolutionConfigurationPlatforms) = preSolution
		Debug|Any CPU = Debug|Any CPU
		Release|Any CPU = Release|Any CPU
	EndGlobalSection
	GlobalSection(ProjectConfigurationPlatforms) = postSolution
		{DA191C65-2A23-4734-97C9-29E27C93BF7B}.Debug|Any CPU.ActiveCfg = Debug|Any CPU
		{DA191C65-2A23-4734-97C9-29E27C93BF7B}.Debug|Any CPU.Build.0 = Debug|Any CPU
		{DA191C65-2A23-4734-97C9-29E27C93BF7B}.Release|Any CPU.ActiveCfg = Release|Any CPU
		{DA191C65-2A23-4734-97C9-29E27C93BF7B}.Release|Any CPU.Build.0 = Release|Any CPU
		{C4EBA7CC-B4AA-46E2-89A7-59BAC485FE00}.Debug|Any CPU.ActiveCfg = Debug|Any CPU
		{C4EBA7CC-B4AA-46E2-89A7-59BAC485FE00}.Debug|Any CPU.Build.0 = Debug|Any CPU
		{C4EBA7CC-B4AA-46E2-89A7-59BAC485FE00}.Release|Any CPU.ActiveCfg = Release|Any CPU
		{C4EBA7CC-B4AA-46E2-89A7-59BAC485FE00}.Release|Any CPU.Build.0 = Release|Any CPU
	EndGlobalSection
EndGlobal
